
Microsoft Visual Studio Solution File, Format Version 12.00
# Visual Studio Version 17
VisualStudioVersion = 17.9.34701.34
MinimumVisualStudioVersion = 10.0.40219.1
Project("{FAE04EC0-301F-11D3-BF4B-00C04F79EFBC}") = "TallGuy", "TallGuy.csproj", "{61C6103F-8BAA-481C-ADA1-7CB7284C29A9}"
EndProject
Global
	GlobalSection(SolutionConfigurationPlatforms) = preSolution
		Debug|Any CPU = Debug|Any CPU
		Release|Any CPU = Release|Any CPU
	EndGlobalSection
	GlobalSection(ProjectConfigurationPlatforms) = postSolution
		{61C6103F-8BAA-481C-ADA1-7CB7284C29A9}.Debug|Any CPU.ActiveCfg = Debug|Any CPU
		{61C6103F-8BAA-481C-ADA1-7CB7284C29A9}.Debug|Any CPU.Build.0 = Debug|Any CPU
		{61C6103F-8BAA-481C-ADA1-7CB7284C29A9}.Release|Any CPU.ActiveCfg = Release|Any CPU
		{61C6103F-8BAA-481C-ADA1-7CB7284C29A9}.Release|Any CPU.Build.0 = Release|Any CPU
	EndGlobalSection
	GlobalSection(SolutionProperties) = preSolution
		HideSolutionNode = FALSE
	EndGlobalSection
	GlobalSection(ExtensibilityGlobals) = postSolution
		SolutionGuid = {6DBE5827-FE56-4222-B5CA-27D3406C1137}
	EndGlobalSection
EndGlobal
