
Microsoft Visual Studio Solution File, Format Version 12.00
# Visual Studio Version 17
VisualStudioVersion = 17.9.34728.123
MinimumVisualStudioVersion = 10.0.40219.1
Project("{FAE04EC0-301F-11D3-BF4B-00C04F79EFBC}") = "ExceptionHandling", "ExceptionHandling.csproj", "{19E16F2A-9AC6-4AD5-ADA8-40F9C3AC79A7}"
EndProject
Global
	GlobalSection(SolutionConfigurationPlatforms) = preSolution
		Debug|Any CPU = Debug|Any CPU
		Release|Any CPU = Release|Any CPU
	EndGlobalSection
	GlobalSection(ProjectConfigurationPlatforms) = postSolution
		{19E16F2A-9AC6-4AD5-ADA8-40F9C3AC79A7}.Debug|Any CPU.ActiveCfg = Debug|Any CPU
		{19E16F2A-9AC6-4AD5-ADA8-40F9C3AC79A7}.Debug|Any CPU.Build.0 = Debug|Any CPU
		{19E16F2A-9AC6-4AD5-ADA8-40F9C3AC79A7}.Release|Any CPU.ActiveCfg = Release|Any CPU
		{19E16F2A-9AC6-4AD5-ADA8-40F9C3AC79A7}.Release|Any CPU.Build.0 = Release|Any CPU
	EndGlobalSection
	GlobalSection(SolutionProperties) = preSolution
		HideSolutionNode = FALSE
	EndGlobalSection
	GlobalSection(ExtensibilityGlobals) = postSolution
		SolutionGuid = {5C3ADBFD-5884-437A-A758-20490CE5C820}
	EndGlobalSection
EndGlobal
