
Microsoft Visual Studio Solution File, Format Version 12.00
# Visual Studio Version 17
VisualStudioVersion = 17.9.34902.65
MinimumVisualStudioVersion = 10.0.40219.1
Project("{FAE04EC0-301F-11D3-BF4B-00C04F79EFBC}") = "TodoApi", "TodoApi.csproj", "{CE100D60-7676-4C5F-9102-48DEF7DEAFE6}"
EndProject
Global
	GlobalSection(SolutionConfigurationPlatforms) = preSolution
		Debug|Any CPU = Debug|Any CPU
		Release|Any CPU = Release|Any CPU
	EndGlobalSection
	GlobalSection(ProjectConfigurationPlatforms) = postSolution
		{CE100D60-7676-4C5F-9102-48DEF7DEAFE6}.Debug|Any CPU.ActiveCfg = Debug|Any CPU
		{CE100D60-7676-4C5F-9102-48DEF7DEAFE6}.Debug|Any CPU.Build.0 = Debug|Any CPU
		{CE100D60-7676-4C5F-9102-48DEF7DEAFE6}.Release|Any CPU.ActiveCfg = Release|Any CPU
		{CE100D60-7676-4C5F-9102-48DEF7DEAFE6}.Release|Any CPU.Build.0 = Release|Any CPU
	EndGlobalSection
	GlobalSection(SolutionProperties) = preSolution
		HideSolutionNode = FALSE
	EndGlobalSection
	GlobalSection(ExtensibilityGlobals) = postSolution
		SolutionGuid = {68752ABD-331E-47EA-BE14-82D8B78D2DBC}
	EndGlobalSection
EndGlobal
