
Microsoft Visual Studio Solution File, Format Version 12.00
# Visual Studio Version 17
VisualStudioVersion = 17.9.34728.123
MinimumVisualStudioVersion = 10.0.40219.1
Project("{FAE04EC0-301F-11D3-BF4B-00C04F79EFBC}") = "WorkingWithEFCore", "WorkingWithEFCore.csproj", "{21299865-5FFF-4FFB-9381-D99054068B37}"
EndProject
Global
	GlobalSection(SolutionConfigurationPlatforms) = preSolution
		Debug|Any CPU = Debug|Any CPU
		Release|Any CPU = Release|Any CPU
	EndGlobalSection
	GlobalSection(ProjectConfigurationPlatforms) = postSolution
		{21299865-5FFF-4FFB-9381-D99054068B37}.Debug|Any CPU.ActiveCfg = Debug|Any CPU
		{21299865-5FFF-4FFB-9381-D99054068B37}.Debug|Any CPU.Build.0 = Debug|Any CPU
		{21299865-5FFF-4FFB-9381-D99054068B37}.Release|Any CPU.ActiveCfg = Release|Any CPU
		{21299865-5FFF-4FFB-9381-D99054068B37}.Release|Any CPU.Build.0 = Release|Any CPU
	EndGlobalSection
	GlobalSection(SolutionProperties) = preSolution
		HideSolutionNode = FALSE
	EndGlobalSection
	GlobalSection(ExtensibilityGlobals) = postSolution
		SolutionGuid = {2BD35580-0CF3-43E7-A0CB-AF9D17EA9C31}
	EndGlobalSection
EndGlobal
