
Microsoft Visual Studio Solution File, Format Version 12.00
# Visual Studio Version 17
VisualStudioVersion = 17.9.34728.123
MinimumVisualStudioVersion = 10.0.40219.1
Project("{FAE04EC0-301F-11D3-BF4B-00C04F79EFBC}") = "ConnectToDB", "ConnectToDB.csproj", "{795593A0-873F-4E39-8AAF-A782151EDD3C}"
EndProject
Global
	GlobalSection(SolutionConfigurationPlatforms) = preSolution
		Debug|Any CPU = Debug|Any CPU
		Release|Any CPU = Release|Any CPU
	EndGlobalSection
	GlobalSection(ProjectConfigurationPlatforms) = postSolution
		{795593A0-873F-4E39-8AAF-A782151EDD3C}.Debug|Any CPU.ActiveCfg = Debug|Any CPU
		{795593A0-873F-4E39-8AAF-A782151EDD3C}.Debug|Any CPU.Build.0 = Debug|Any CPU
		{795593A0-873F-4E39-8AAF-A782151EDD3C}.Release|Any CPU.ActiveCfg = Release|Any CPU
		{795593A0-873F-4E39-8AAF-A782151EDD3C}.Release|Any CPU.Build.0 = Release|Any CPU
	EndGlobalSection
	GlobalSection(SolutionProperties) = preSolution
		HideSolutionNode = FALSE
	EndGlobalSection
	GlobalSection(ExtensibilityGlobals) = postSolution
		SolutionGuid = {17A6ED5F-A5C5-4596-81B4-F1838C2D2CBA}
	EndGlobalSection
EndGlobal
