
Microsoft Visual Studio Solution File, Format Version 12.00
# Visual Studio Version 17
VisualStudioVersion = 17.9.34728.123
MinimumVisualStudioVersion = 10.0.40219.1
Project("{FAE04EC0-301F-11D3-BF4B-00C04F79EFBC}") = "WorkWithAnExistingDbEfCore", "WorkWithAnExistingDbEfCore.csproj", "{A8D9F51D-52BD-484D-A99D-B83EF8E2A68A}"
EndProject
Global
	GlobalSection(SolutionConfigurationPlatforms) = preSolution
		Debug|Any CPU = Debug|Any CPU
		Release|Any CPU = Release|Any CPU
	EndGlobalSection
	GlobalSection(ProjectConfigurationPlatforms) = postSolution
		{A8D9F51D-52BD-484D-A99D-B83EF8E2A68A}.Debug|Any CPU.ActiveCfg = Debug|Any CPU
		{A8D9F51D-52BD-484D-A99D-B83EF8E2A68A}.Debug|Any CPU.Build.0 = Debug|Any CPU
		{A8D9F51D-52BD-484D-A99D-B83EF8E2A68A}.Release|Any CPU.ActiveCfg = Release|Any CPU
		{A8D9F51D-52BD-484D-A99D-B83EF8E2A68A}.Release|Any CPU.Build.0 = Release|Any CPU
	EndGlobalSection
	GlobalSection(SolutionProperties) = preSolution
		HideSolutionNode = FALSE
	EndGlobalSection
	GlobalSection(ExtensibilityGlobals) = postSolution
		SolutionGuid = {895C37AB-F64D-4186-913C-6EF1263EFC15}
	EndGlobalSection
EndGlobal
