
Microsoft Visual Studio Solution File, Format Version 12.00
# Visual Studio Version 17
VisualStudioVersion = 17.9.34701.34
MinimumVisualStudioVersion = 10.0.40219.1
Project("{FAE04EC0-301F-11D3-BF4B-00C04F79EFBC}") = "ConsoleApp1", "ConsoleApp1.csproj", "{52847CB5-CC54-4D2B-B1C3-9FAD03D07362}"
EndProject
Global
	GlobalSection(SolutionConfigurationPlatforms) = preSolution
		Debug|Any CPU = Debug|Any CPU
		Release|Any CPU = Release|Any CPU
	EndGlobalSection
	GlobalSection(ProjectConfigurationPlatforms) = postSolution
		{52847CB5-CC54-4D2B-B1C3-9FAD03D07362}.Debug|Any CPU.ActiveCfg = Debug|Any CPU
		{52847CB5-CC54-4D2B-B1C3-9FAD03D07362}.Debug|Any CPU.Build.0 = Debug|Any CPU
		{52847CB5-CC54-4D2B-B1C3-9FAD03D07362}.Release|Any CPU.ActiveCfg = Release|Any CPU
		{52847CB5-CC54-4D2B-B1C3-9FAD03D07362}.Release|Any CPU.Build.0 = Release|Any CPU
	EndGlobalSection
	GlobalSection(SolutionProperties) = preSolution
		HideSolutionNode = FALSE
	EndGlobalSection
	GlobalSection(ExtensibilityGlobals) = postSolution
		SolutionGuid = {DE32D6C5-28BE-4AE9-803A-B6EEAF3DE239}
	EndGlobalSection
EndGlobal
