
Microsoft Visual Studio Solution File, Format Version 12.00
# Visual Studio Version 17
VisualStudioVersion = 17.9.34701.34
MinimumVisualStudioVersion = 10.0.40219.1
Project("{FAE04EC0-301F-11D3-BF4B-00C04F79EFBC}") = "Shoes", "Shoes.csproj", "{2D557CA0-C6BD-46B1-84BD-A52CC68CEBCA}"
EndProject
Global
	GlobalSection(SolutionConfigurationPlatforms) = preSolution
		Debug|Any CPU = Debug|Any CPU
		Release|Any CPU = Release|Any CPU
	EndGlobalSection
	GlobalSection(ProjectConfigurationPlatforms) = postSolution
		{2D557CA0-C6BD-46B1-84BD-A52CC68CEBCA}.Debug|Any CPU.ActiveCfg = Debug|Any CPU
		{2D557CA0-C6BD-46B1-84BD-A52CC68CEBCA}.Debug|Any CPU.Build.0 = Debug|Any CPU
		{2D557CA0-C6BD-46B1-84BD-A52CC68CEBCA}.Release|Any CPU.ActiveCfg = Release|Any CPU
		{2D557CA0-C6BD-46B1-84BD-A52CC68CEBCA}.Release|Any CPU.Build.0 = Release|Any CPU
	EndGlobalSection
	GlobalSection(SolutionProperties) = preSolution
		HideSolutionNode = FALSE
	EndGlobalSection
	GlobalSection(ExtensibilityGlobals) = postSolution
		SolutionGuid = {D64F946C-6EB7-41B7-AA66-B8812068FB3D}
	EndGlobalSection
EndGlobal
