
Microsoft Visual Studio Solution File, Format Version 12.00
# Visual Studio Version 17
VisualStudioVersion = 17.9.34728.123
MinimumVisualStudioVersion = 10.0.40219.1
Project("{FAE04EC0-301F-11D3-BF4B-00C04F79EFBC}") = "Animals", "Animals.csproj", "{DB3C5161-3B8A-4505-B6ED-E8B9C1AFA224}"
EndProject
Global
	GlobalSection(SolutionConfigurationPlatforms) = preSolution
		Debug|Any CPU = Debug|Any CPU
		Release|Any CPU = Release|Any CPU
	EndGlobalSection
	GlobalSection(ProjectConfigurationPlatforms) = postSolution
		{DB3C5161-3B8A-4505-B6ED-E8B9C1AFA224}.Debug|Any CPU.ActiveCfg = Debug|Any CPU
		{DB3C5161-3B8A-4505-B6ED-E8B9C1AFA224}.Debug|Any CPU.Build.0 = Debug|Any CPU
		{DB3C5161-3B8A-4505-B6ED-E8B9C1AFA224}.Release|Any CPU.ActiveCfg = Release|Any CPU
		{DB3C5161-3B8A-4505-B6ED-E8B9C1AFA224}.Release|Any CPU.Build.0 = Release|Any CPU
	EndGlobalSection
	GlobalSection(SolutionProperties) = preSolution
		HideSolutionNode = FALSE
	EndGlobalSection
	GlobalSection(ExtensibilityGlobals) = postSolution
		SolutionGuid = {FCB2F72C-ADBE-4D0B-91B9-DF5AD47D0EE9}
	EndGlobalSection
EndGlobal
