
Microsoft Visual Studio Solution File, Format Version 12.00
# Visual Studio Version 17
VisualStudioVersion = 17.9.34701.34
MinimumVisualStudioVersion = 10.0.40219.1
Project("{FAE04EC0-301F-11D3-BF4B-00C04F79EFBC}") = "NameParks", "NameParks.csproj", "{B4D5F919-2976-4C26-84CC-6E8BF67A3CF3}"
EndProject
Global
	GlobalSection(SolutionConfigurationPlatforms) = preSolution
		Debug|Any CPU = Debug|Any CPU
		Release|Any CPU = Release|Any CPU
	EndGlobalSection
	GlobalSection(ProjectConfigurationPlatforms) = postSolution
		{B4D5F919-2976-4C26-84CC-6E8BF67A3CF3}.Debug|Any CPU.ActiveCfg = Debug|Any CPU
		{B4D5F919-2976-4C26-84CC-6E8BF67A3CF3}.Debug|Any CPU.Build.0 = Debug|Any CPU
		{B4D5F919-2976-4C26-84CC-6E8BF67A3CF3}.Release|Any CPU.ActiveCfg = Release|Any CPU
		{B4D5F919-2976-4C26-84CC-6E8BF67A3CF3}.Release|Any CPU.Build.0 = Release|Any CPU
	EndGlobalSection
	GlobalSection(SolutionProperties) = preSolution
		HideSolutionNode = FALSE
	EndGlobalSection
	GlobalSection(ExtensibilityGlobals) = postSolution
		SolutionGuid = {D6539EE3-237A-41F8-8D4F-87BCFFA1EF64}
	EndGlobalSection
EndGlobal
